
Microsoft Visual Studio Solution File, Format Version 12.00
# Visual Studio Version 17
VisualStudioVersion = 17.2.32526.322
MinimumVisualStudioVersion = 10.0.40219.1
Project("{FAE04EC0-301F-11D3-BF4B-00C04F79EFBC}") = "CountFactors", "CountFactors.csproj", "{0657690C-238F-40DC-BD55-358FBF32560F}"
EndProject
Global
	GlobalSection(SolutionConfigurationPlatforms) = preSolution
		Debug|Any CPU = Debug|Any CPU
		Release|Any CPU = Release|Any CPU
	EndGlobalSection
	GlobalSection(ProjectConfigurationPlatforms) = postSolution
		{0657690C-238F-40DC-BD55-358FBF32560F}.Debug|Any CPU.ActiveCfg = Debug|Any CPU
		{0657690C-238F-40DC-BD55-358FBF32560F}.Debug|Any CPU.Build.0 = Debug|Any CPU
		{0657690C-238F-40DC-BD55-358FBF32560F}.Release|Any CPU.ActiveCfg = Release|Any CPU
		{0657690C-238F-40DC-BD55-358FBF32560F}.Release|Any CPU.Build.0 = Release|Any CPU
	EndGlobalSection
	GlobalSection(SolutionProperties) = preSolution
		HideSolutionNode = FALSE
	EndGlobalSection
	GlobalSection(ExtensibilityGlobals) = postSolution
		SolutionGuid = {9A0F11BA-91C5-4A2E-97D9-6C45BD3B2338}
	EndGlobalSection
EndGlobal
