
Microsoft Visual Studio Solution File, Format Version 12.00
# Visual Studio Version 17
VisualStudioVersion = 17.2.32526.322
MinimumVisualStudioVersion = 10.0.40219.1
Project("{9A19103F-16F7-4668-BE54-9A1E7A4F7556}") = "CountConformingBitmasks", "src\CountConformingBitmasks.csproj", "{13441EBA-841B-4B94-B76B-BAB32DA1C315}"
EndProject
Project("{FAE04EC0-301F-11D3-BF4B-00C04F79EFBC}") = "Benchmark", "Benchmark\Benchmark.csproj", "{727E1E6B-CFA4-45C3-BB3C-7B19FC35C4A6}"
EndProject
Global
	GlobalSection(SolutionConfigurationPlatforms) = preSolution
		Debug|Any CPU = Debug|Any CPU
		Release|Any CPU = Release|Any CPU
	EndGlobalSection
	GlobalSection(ProjectConfigurationPlatforms) = postSolution
		{13441EBA-841B-4B94-B76B-BAB32DA1C315}.Debug|Any CPU.ActiveCfg = Debug|Any CPU
		{13441EBA-841B-4B94-B76B-BAB32DA1C315}.Debug|Any CPU.Build.0 = Debug|Any CPU
		{13441EBA-841B-4B94-B76B-BAB32DA1C315}.Release|Any CPU.ActiveCfg = Release|Any CPU
		{13441EBA-841B-4B94-B76B-BAB32DA1C315}.Release|Any CPU.Build.0 = Release|Any CPU
		{727E1E6B-CFA4-45C3-BB3C-7B19FC35C4A6}.Debug|Any CPU.ActiveCfg = Debug|Any CPU
		{727E1E6B-CFA4-45C3-BB3C-7B19FC35C4A6}.Debug|Any CPU.Build.0 = Debug|Any CPU
		{727E1E6B-CFA4-45C3-BB3C-7B19FC35C4A6}.Release|Any CPU.ActiveCfg = Release|Any CPU
		{727E1E6B-CFA4-45C3-BB3C-7B19FC35C4A6}.Release|Any CPU.Build.0 = Release|Any CPU
	EndGlobalSection
	GlobalSection(SolutionProperties) = preSolution
		HideSolutionNode = FALSE
	EndGlobalSection
	GlobalSection(ExtensibilityGlobals) = postSolution
		SolutionGuid = {2E2848DA-916D-4DD1-AD6D-7E6B00F9F3A7}
	EndGlobalSection
EndGlobal
