
Microsoft Visual Studio Solution File, Format Version 12.00
# Visual Studio Version 17
VisualStudioVersion = 17.2.32526.322
MinimumVisualStudioVersion = 10.0.40219.1
Project("{FAE04EC0-301F-11D3-BF4B-00C04F79EFBC}") = "ThreeLetters", "ThreeLetters.csproj", "{C5EDE7AB-91EB-48F3-BE8A-9E0F8FD34618}"
EndProject
Global
	GlobalSection(SolutionConfigurationPlatforms) = preSolution
		Debug|Any CPU = Debug|Any CPU
		Release|Any CPU = Release|Any CPU
	EndGlobalSection
	GlobalSection(ProjectConfigurationPlatforms) = postSolution
		{C5EDE7AB-91EB-48F3-BE8A-9E0F8FD34618}.Debug|Any CPU.ActiveCfg = Debug|Any CPU
		{C5EDE7AB-91EB-48F3-BE8A-9E0F8FD34618}.Debug|Any CPU.Build.0 = Debug|Any CPU
		{C5EDE7AB-91EB-48F3-BE8A-9E0F8FD34618}.Release|Any CPU.ActiveCfg = Release|Any CPU
		{C5EDE7AB-91EB-48F3-BE8A-9E0F8FD34618}.Release|Any CPU.Build.0 = Release|Any CPU
	EndGlobalSection
	GlobalSection(SolutionProperties) = preSolution
		HideSolutionNode = FALSE
	EndGlobalSection
	GlobalSection(ExtensibilityGlobals) = postSolution
		SolutionGuid = {581E4133-BC4F-4574-A7C6-457AFB9F9F77}
	EndGlobalSection
EndGlobal
