
Microsoft Visual Studio Solution File, Format Version 12.00
# Visual Studio Version 17
VisualStudioVersion = 17.2.32526.322
MinimumVisualStudioVersion = 10.0.40219.1
Project("{FAE04EC0-301F-11D3-BF4B-00C04F79EFBC}") = "FirstUnique", "FirstUnique.csproj", "{CA882093-7D0C-48CA-9266-38BEF18669F5}"
EndProject
Global
	GlobalSection(SolutionConfigurationPlatforms) = preSolution
		Debug|Any CPU = Debug|Any CPU
		Release|Any CPU = Release|Any CPU
	EndGlobalSection
	GlobalSection(ProjectConfigurationPlatforms) = postSolution
		{CA882093-7D0C-48CA-9266-38BEF18669F5}.Debug|Any CPU.ActiveCfg = Debug|Any CPU
		{CA882093-7D0C-48CA-9266-38BEF18669F5}.Debug|Any CPU.Build.0 = Debug|Any CPU
		{CA882093-7D0C-48CA-9266-38BEF18669F5}.Release|Any CPU.ActiveCfg = Release|Any CPU
		{CA882093-7D0C-48CA-9266-38BEF18669F5}.Release|Any CPU.Build.0 = Release|Any CPU
	EndGlobalSection
	GlobalSection(SolutionProperties) = preSolution
		HideSolutionNode = FALSE
	EndGlobalSection
	GlobalSection(ExtensibilityGlobals) = postSolution
		SolutionGuid = {73E09B44-8007-4599-9106-C54F118D3E7B}
	EndGlobalSection
EndGlobal
